
Microsoft Visual Studio Solution File, Format Version 12.00
# Visual Studio Version 17
VisualStudioVersion = 17.11.35327.3
MinimumVisualStudioVersion = 10.0.40219.1
Project("{9A19103F-16F7-4668-BE54-9A1E7A4F7556}") = "FluentWeather", "FluentWeather\FluentWeather.csproj", "{02C51AE2-812A-49A6-8B96-9B5F16046C3A}"
EndProject
Project("{9A19103F-16F7-4668-BE54-9A1E7A4F7556}") = "FluentWeather.Core", "FluentWeather.Core\FluentWeather.Core.csproj", "{33186728-22E2-4D56-8736-E5CE121F2958}"
EndProject
Global
	GlobalSection(SolutionConfigurationPlatforms) = preSolution
		Debug|Any CPU = Debug|Any CPU
		Debug|arm64 = Debug|arm64
		Debug|x64 = Debug|x64
		Debug|x86 = Debug|x86
		Release|Any CPU = Release|Any CPU
		Release|arm64 = Release|arm64
		Release|x64 = Release|x64
		Release|x86 = Release|x86
	EndGlobalSection
	GlobalSection(ProjectConfigurationPlatforms) = postSolution
		{02C51AE2-812A-49A6-8B96-9B5F16046C3A}.Debug|Any CPU.ActiveCfg = Debug|x64
		{02C51AE2-812A-49A6-8B96-9B5F16046C3A}.Debug|Any CPU.Build.0 = Debug|x64
		{02C51AE2-812A-49A6-8B96-9B5F16046C3A}.Debug|Any CPU.Deploy.0 = Debug|x64
		{02C51AE2-812A-49A6-8B96-9B5F16046C3A}.Debug|arm64.ActiveCfg = Debug|arm64
		{02C51AE2-812A-49A6-8B96-9B5F16046C3A}.Debug|arm64.Build.0 = Debug|arm64
		{02C51AE2-812A-49A6-8B96-9B5F16046C3A}.Debug|arm64.Deploy.0 = Debug|arm64
		{02C51AE2-812A-49A6-8B96-9B5F16046C3A}.Debug|x64.ActiveCfg = Debug|x64
		{02C51AE2-812A-49A6-8B96-9B5F16046C3A}.Debug|x64.Build.0 = Debug|x64
		{02C51AE2-812A-49A6-8B96-9B5F16046C3A}.Debug|x64.Deploy.0 = Debug|x64
		{02C51AE2-812A-49A6-8B96-9B5F16046C3A}.Debug|x86.ActiveCfg = Debug|x86
		{02C51AE2-812A-49A6-8B96-9B5F16046C3A}.Debug|x86.Build.0 = Debug|x86
		{02C51AE2-812A-49A6-8B96-9B5F16046C3A}.Debug|x86.Deploy.0 = Debug|x86
		{02C51AE2-812A-49A6-8B96-9B5F16046C3A}.Release|Any CPU.ActiveCfg = Release|x64
		{02C51AE2-812A-49A6-8B96-9B5F16046C3A}.Release|Any CPU.Build.0 = Release|x64
		{02C51AE2-812A-49A6-8B96-9B5F16046C3A}.Release|Any CPU.Deploy.0 = Release|x64
		{02C51AE2-812A-49A6-8B96-9B5F16046C3A}.Release|arm64.ActiveCfg = Release|arm64
		{02C51AE2-812A-49A6-8B96-9B5F16046C3A}.Release|arm64.Build.0 = Release|arm64
		{02C51AE2-812A-49A6-8B96-9B5F16046C3A}.Release|arm64.Deploy.0 = Release|arm64
		{02C51AE2-812A-49A6-8B96-9B5F16046C3A}.Release|x64.ActiveCfg = Release|x64
		{02C51AE2-812A-49A6-8B96-9B5F16046C3A}.Release|x64.Build.0 = Release|x64
		{02C51AE2-812A-49A6-8B96-9B5F16046C3A}.Release|x64.Deploy.0 = Release|x64
		{02C51AE2-812A-49A6-8B96-9B5F16046C3A}.Release|x86.ActiveCfg = Release|x86
		{02C51AE2-812A-49A6-8B96-9B5F16046C3A}.Release|x86.Build.0 = Release|x86
		{02C51AE2-812A-49A6-8B96-9B5F16046C3A}.Release|x86.Deploy.0 = Release|x86
		{33186728-22E2-4D56-8736-E5CE121F2958}.Debug|Any CPU.ActiveCfg = Debug|Any CPU
		{33186728-22E2-4D56-8736-E5CE121F2958}.Debug|Any CPU.Build.0 = Debug|Any CPU
		{33186728-22E2-4D56-8736-E5CE121F2958}.Debug|arm64.ActiveCfg = Debug|arm64
		{33186728-22E2-4D56-8736-E5CE121F2958}.Debug|arm64.Build.0 = Debug|arm64
		{33186728-22E2-4D56-8736-E5CE121F2958}.Debug|x64.ActiveCfg = Debug|x64
		{33186728-22E2-4D56-8736-E5CE121F2958}.Debug|x64.Build.0 = Debug|x64
		{33186728-22E2-4D56-8736-E5CE121F2958}.Debug|x86.ActiveCfg = Debug|x86
		{33186728-22E2-4D56-8736-E5CE121F2958}.Debug|x86.Build.0 = Debug|x86
		{33186728-22E2-4D56-8736-E5CE121F2958}.Release|Any CPU.ActiveCfg = Release|Any CPU
		{33186728-22E2-4D56-8736-E5CE121F2958}.Release|Any CPU.Build.0 = Release|Any CPU
		{33186728-22E2-4D56-8736-E5CE121F2958}.Release|arm64.ActiveCfg = Release|arm64
		{33186728-22E2-4D56-8736-E5CE121F2958}.Release|arm64.Build.0 = Release|arm64
		{33186728-22E2-4D56-8736-E5CE121F2958}.Release|x64.ActiveCfg = Release|x64
		{33186728-22E2-4D56-8736-E5CE121F2958}.Release|x64.Build.0 = Release|x64
		{33186728-22E2-4D56-8736-E5CE121F2958}.Release|x86.ActiveCfg = Release|x86
		{33186728-22E2-4D56-8736-E5CE121F2958}.Release|x86.Build.0 = Release|x86
	EndGlobalSection
	GlobalSection(SolutionProperties) = preSolution
		HideSolutionNode = FALSE
	EndGlobalSection
	GlobalSection(ExtensibilityGlobals) = postSolution
		SolutionGuid = {C89E0D4E-BC61-4414-ADD1-3B2DD2E80A3C}
	EndGlobalSection
EndGlobal
